
Microsoft Visual Studio Solution File, Format Version 12.00
# Visual Studio Version 17
VisualStudioVersion = 17.4.33103.184
MinimumVisualStudioVersion = 10.0.40219.1
Project("{9A19103F-16F7-4668-BE54-9A1E7A4F7556}") = "PRPortal.Client", "PRPortal\Client\PRPortal.Client.csproj", "{5EBC0361-6681-4840-AB08-0E84E350FDF1}"
EndProject
Project("{9A19103F-16F7-4668-BE54-9A1E7A4F7556}") = "PRPortal.Server", "PRPortal\Server\PRPortal.Server.csproj", "{B52EEFCB-6BCA-491E-947B-EBC73B1FBFEC}"
EndProject
Project("{9A19103F-16F7-4668-BE54-9A1E7A4F7556}") = "PRPortal.Shared", "PRPortal\Shared\PRPortal.Shared.csproj", "{46D163BE-4B7E-4F33-856E-17BFAC42D4E1}"
EndProject
Global
	GlobalSection(SolutionConfigurationPlatforms) = preSolution
		Debug|Any CPU = Debug|Any CPU
		Release|Any CPU = Release|Any CPU
	EndGlobalSection
	GlobalSection(ProjectConfigurationPlatforms) = postSolution
		{5EBC0361-6681-4840-AB08-0E84E350FDF1}.Debug|Any CPU.ActiveCfg = Debug|Any CPU
		{5EBC0361-6681-4840-AB08-0E84E350FDF1}.Debug|Any CPU.Build.0 = Debug|Any CPU
		{5EBC0361-6681-4840-AB08-0E84E350FDF1}.Release|Any CPU.ActiveCfg = Release|Any CPU
		{5EBC0361-6681-4840-AB08-0E84E350FDF1}.Release|Any CPU.Build.0 = Release|Any CPU
		{B52EEFCB-6BCA-491E-947B-EBC73B1FBFEC}.Debug|Any CPU.ActiveCfg = Debug|Any CPU
		{B52EEFCB-6BCA-491E-947B-EBC73B1FBFEC}.Debug|Any CPU.Build.0 = Debug|Any CPU
		{B52EEFCB-6BCA-491E-947B-EBC73B1FBFEC}.Release|Any CPU.ActiveCfg = Release|Any CPU
		{B52EEFCB-6BCA-491E-947B-EBC73B1FBFEC}.Release|Any CPU.Build.0 = Release|Any CPU
		{46D163BE-4B7E-4F33-856E-17BFAC42D4E1}.Debug|Any CPU.ActiveCfg = Debug|Any CPU
		{46D163BE-4B7E-4F33-856E-17BFAC42D4E1}.Debug|Any CPU.Build.0 = Debug|Any CPU
		{46D163BE-4B7E-4F33-856E-17BFAC42D4E1}.Release|Any CPU.ActiveCfg = Release|Any CPU
		{46D163BE-4B7E-4F33-856E-17BFAC42D4E1}.Release|Any CPU.Build.0 = Release|Any CPU
	EndGlobalSection
	GlobalSection(SolutionProperties) = preSolution
		HideSolutionNode = FALSE
	EndGlobalSection
	GlobalSection(ExtensibilityGlobals) = postSolution
		SolutionGuid = {734171D0-6D99-4EB0-986D-3BC4A5846B71}
	EndGlobalSection
EndGlobal
